
Microsoft Visual Studio Solution File, Format Version 12.00
# Visual Studio Version 17
VisualStudioVersion = 17.14.36301.6 d17.14
MinimumVisualStudioVersion = 10.0.40219.1
Project("{FAE04EC0-301F-11D3-BF4B-00C04F79EFBC}") = "Topic2-assignment", "Topic2-assignment\Topic2-assignment.csproj", "{AE0E5249-C170-4EB6-97E0-9C411E28824D}"
EndProject
Global
	GlobalSection(SolutionConfigurationPlatforms) = preSolution
		Debug|Any CPU = Debug|Any CPU
		Release|Any CPU = Release|Any CPU
	EndGlobalSection
	GlobalSection(ProjectConfigurationPlatforms) = postSolution
		{AE0E5249-C170-4EB6-97E0-9C411E28824D}.Debug|Any CPU.ActiveCfg = Debug|Any CPU
		{AE0E5249-C170-4EB6-97E0-9C411E28824D}.Debug|Any CPU.Build.0 = Debug|Any CPU
		{AE0E5249-C170-4EB6-97E0-9C411E28824D}.Release|Any CPU.ActiveCfg = Release|Any CPU
		{AE0E5249-C170-4EB6-97E0-9C411E28824D}.Release|Any CPU.Build.0 = Release|Any CPU
	EndGlobalSection
	GlobalSection(SolutionProperties) = preSolution
		HideSolutionNode = FALSE
	EndGlobalSection
	GlobalSection(ExtensibilityGlobals) = postSolution
		SolutionGuid = {AF575E76-8215-452D-BCDD-1234CEE5B10C}
	EndGlobalSection
EndGlobal
